// !$*UTF8*$!
{
	archiveVersion = 1;
	classes = {
	};
	objectVersion = 48;
	objects = {

/* Begin PBXBuildFile section */
		1F0730592043305500D899C3 /* HistoryView.xib in Resources */ = {isa = PBXBuildFile; fileRef = 1F0730582043305500D899C3 /* HistoryView.xib */; };
		1F07305B2043306800D899C3 /* HistoryView.swift in Sources */ = {isa = PBXBuildFile; fileRef = 1F07305A2043306800D899C3 /* HistoryView.swift */; };
		1F07305E2043317A00D899C3 /* HistoryTableViewCell.swift in Sources */ = {isa = PBXBuildFile; fileRef = 1F07305C2043317A00D899C3 /* HistoryTableViewCell.swift */; };
		1F07305F2043317A00D899C3 /* HistoryTableViewCell.xib in Resources */ = {isa = PBXBuildFile; fileRef = 1F07305D2043317A00D899C3 /* HistoryTableViewCell.xib */; };
		1F61A32B2042CA3900FA0456 /* AppDelegate.swift in Sources */ = {isa = PBXBuildFile; fileRef = 1F61A32A2042CA3900FA0456 /* AppDelegate.swift */; };
		1F61A3302042CA3900FA0456 /* Main.storyboard in Resources */ = {isa = PBXBuildFile; fileRef = 1F61A32E2042CA3900FA0456 /* Main.storyboard */; };
		1F61A3332042CA3900FA0456 /* CFTPhotoshop.xcdatamodeld in Sources */ = {isa = PBXBuildFile; fileRef = 1F61A3312042CA3900FA0456 /* CFTPhotoshop.xcdatamodeld */; };
		1F61A3352042CA3900FA0456 /* Assets.xcassets in Resources */ = {isa = PBXBuildFile; fileRef = 1F61A3342042CA3900FA0456 /* Assets.xcassets */; };
		1F61A3382042CA3900FA0456 /* LaunchScreen.storyboard in Resources */ = {isa = PBXBuildFile; fileRef = 1F61A3362042CA3900FA0456 /* LaunchScreen.storyboard */; };
		1F61A3412042CB1700FA0456 /* XibDesignedView.swift in Sources */ = {isa = PBXBuildFile; fileRef = 1F61A3402042CB1700FA0456 /* XibDesignedView.swift */; };
		1F61A3432042CCA200FA0456 /* PictureEditorView.xib in Resources */ = {isa = PBXBuildFile; fileRef = 1F61A3422042CCA200FA0456 /* PictureEditorView.xib */; };
		1F61A3452042D07A00FA0456 /* PictureEditorView.swift in Sources */ = {isa = PBXBuildFile; fileRef = 1F61A3442042D07A00FA0456 /* PictureEditorView.swift */; };
		1F61A3482042D19200FA0456 /* PictureEditorPresenter.swift in Sources */ = {isa = PBXBuildFile; fileRef = 1F61A3472042D19200FA0456 /* PictureEditorPresenter.swift */; };
		1F61A34C2042D55000FA0456 /* PictureEditorViewController.swift in Sources */ = {isa = PBXBuildFile; fileRef = 1F61A34A2042D55000FA0456 /* PictureEditorViewController.swift */; };
		1F61A34D2042D55000FA0456 /* PictureEditorViewController.xib in Resources */ = {isa = PBXBuildFile; fileRef = 1F61A34B2042D55000FA0456 /* PictureEditorViewController.xib */; };
		1FB542542042ED4000020530 /* PictureEditor.swift in Sources */ = {isa = PBXBuildFile; fileRef = 1FB542532042ED4000020530 /* PictureEditor.swift */; };
		1FB542572042FAA000020530 /* Promise.swift in Sources */ = {isa = PBXBuildFile; fileRef = 1FB542562042FAA000020530 /* Promise.swift */; };
		1FB5425A20430A4F00020530 /* Filters.swift in Sources */ = {isa = PBXBuildFile; fileRef = 1FB5425920430A4F00020530 /* Filters.swift */; };
		1FCC859A2045988600EF13F9 /* HistoryKeeper.swift in Sources */ = {isa = PBXBuildFile; fileRef = 1FCC85992045988600EF13F9 /* HistoryKeeper.swift */; };
		1FCC859C20459B2E00EF13F9 /* CoreDataManager.swift in Sources */ = {isa = PBXBuildFile; fileRef = 1FCC859B20459B2E00EF13F9 /* CoreDataManager.swift */; };
/* End PBXBuildFile section */

/* Begin PBXFileReference section */
		1F0730582043305500D899C3 /* HistoryView.xib */ = {isa = PBXFileReference; lastKnownFileType = file.xib; path = HistoryView.xib; sourceTree = "<group>"; };
		1F07305A2043306800D899C3 /* HistoryView.swift */ = {isa = PBXFileReference; lastKnownFileType = sourcecode.swift; path = HistoryView.swift; sourceTree = "<group>"; };
		1F07305C2043317A00D899C3 /* HistoryTableViewCell.swift */ = {isa = PBXFileReference; lastKnownFileType = sourcecode.swift; path = HistoryTableViewCell.swift; sourceTree = "<group>"; };
		1F07305D2043317A00D899C3 /* HistoryTableViewCell.xib */ = {isa = PBXFileReference; lastKnownFileType = file.xib; path = HistoryTableViewCell.xib; sourceTree = "<group>"; };
		1F61A3272042CA3900FA0456 /* CFTPhotoshop.app */ = {isa = PBXFileReference; explicitFileType = wrapper.application; includeInIndex = 0; path = CFTPhotoshop.app; sourceTree = BUILT_PRODUCTS_DIR; };
		1F61A32A2042CA3900FA0456 /* AppDelegate.swift */ = {isa = PBXFileReference; lastKnownFileType = sourcecode.swift; path = AppDelegate.swift; sourceTree = "<group>"; };
		1F61A32F2042CA3900FA0456 /* Base */ = {isa = PBXFileReference; lastKnownFileType = file.storyboard; name = Base; path = Base.lproj/Main.storyboard; sourceTree = "<group>"; };
		1F61A3322042CA3900FA0456 /* CFTPhotoshop.xcdatamodel */ = {isa = PBXFileReference; lastKnownFileType = wrapper.xcdatamodel; path = CFTPhotoshop.xcdatamodel; sourceTree = "<group>"; };
		1F61A3342042CA3900FA0456 /* Assets.xcassets */ = {isa = PBXFileReference; lastKnownFileType = folder.assetcatalog; path = Assets.xcassets; sourceTree = "<group>"; };
		1F61A3372042CA3900FA0456 /* Base */ = {isa = PBXFileReference; lastKnownFileType = file.storyboard; name = Base; path = Base.lproj/LaunchScreen.storyboard; sourceTree = "<group>"; };
		1F61A3392042CA3900FA0456 /* Info.plist */ = {isa = PBXFileReference; lastKnownFileType = text.plist.xml; path = Info.plist; sourceTree = "<group>"; };
		1F61A3402042CB1700FA0456 /* XibDesignedView.swift */ = {isa = PBXFileReference; lastKnownFileType = sourcecode.swift; path = XibDesignedView.swift; sourceTree = "<group>"; };
		1F61A3422042CCA200FA0456 /* PictureEditorView.xib */ = {isa = PBXFileReference; lastKnownFileType = file.xib; path = PictureEditorView.xib; sourceTree = "<group>"; };
		1F61A3442042D07A00FA0456 /* PictureEditorView.swift */ = {isa = PBXFileReference; lastKnownFileType = sourcecode.swift; path = PictureEditorView.swift; sourceTree = "<group>"; tabWidth = 2; };
		1F61A3472042D19200FA0456 /* PictureEditorPresenter.swift */ = {isa = PBXFileReference; lastKnownFileType = sourcecode.swift; path = PictureEditorPresenter.swift; sourceTree = "<group>"; };
		1F61A34A2042D55000FA0456 /* PictureEditorViewController.swift */ = {isa = PBXFileReference; lastKnownFileType = sourcecode.swift; path = PictureEditorViewController.swift; sourceTree = "<group>"; };
		1F61A34B2042D55000FA0456 /* PictureEditorViewController.xib */ = {isa = PBXFileReference; lastKnownFileType = file.xib; path = PictureEditorViewController.xib; sourceTree = "<group>"; };
		1FB542532042ED4000020530 /* PictureEditor.swift */ = {isa = PBXFileReference; lastKnownFileType = sourcecode.swift; path = PictureEditor.swift; sourceTree = "<group>"; };
		1FB542562042FAA000020530 /* Promise.swift */ = {isa = PBXFileReference; lastKnownFileType = sourcecode.swift; path = Promise.swift; sourceTree = "<group>"; };
		1FB5425920430A4F00020530 /* Filters.swift */ = {isa = PBXFileReference; lastKnownFileType = sourcecode.swift; path = Filters.swift; sourceTree = "<group>"; };
		1FCC85992045988600EF13F9 /* HistoryKeeper.swift */ = {isa = PBXFileReference; lastKnownFileType = sourcecode.swift; path = HistoryKeeper.swift; sourceTree = "<group>"; };
		1FCC859B20459B2E00EF13F9 /* CoreDataManager.swift */ = {isa = PBXFileReference; lastKnownFileType = sourcecode.swift; path = CoreDataManager.swift; sourceTree = "<group>"; };
/* End PBXFileReference section */

/* Begin PBXFrameworksBuildPhase section */
		1F61A3242042CA3900FA0456 /* Frameworks */ = {
			isa = PBXFrameworksBuildPhase;
			buildActionMask = 2147483647;
			files = (
			);
			runOnlyForDeploymentPostprocessing = 0;
		};
/* End PBXFrameworksBuildPhase section */

/* Begin PBXGroup section */
		1F0730572043302F00D899C3 /* HistoryView */ = {
			isa = PBXGroup;
			children = (
				1F07305A2043306800D899C3 /* HistoryView.swift */,
				1F0730582043305500D899C3 /* HistoryView.xib */,
				1F07305C2043317A00D899C3 /* HistoryTableViewCell.swift */,
				1F07305D2043317A00D899C3 /* HistoryTableViewCell.xib */,
			);
			path = HistoryView;
			sourceTree = "<group>";
		};
		1F61A31E2042CA3900FA0456 = {
			isa = PBXGroup;
			children = (
				1F61A3292042CA3900FA0456 /* CFTPhotoshop */,
				1F61A3282042CA3900FA0456 /* Products */,
			);
			indentWidth = 2;
			sourceTree = "<group>";
			tabWidth = 2;
		};
		1F61A3282042CA3900FA0456 /* Products */ = {
			isa = PBXGroup;
			children = (
				1F61A3272042CA3900FA0456 /* CFTPhotoshop.app */,
			);
			name = Products;
			sourceTree = "<group>";
		};
		1F61A3292042CA3900FA0456 /* CFTPhotoshop */ = {
			isa = PBXGroup;
			children = (
				1FB542552042FA9000020530 /* Shared */,
				1FB542522042ED2A00020530 /* Service */,
				1F61A3492042D53500FA0456 /* Controllers */,
				1F61A33F2042CAED00FA0456 /* Views */,
				1F61A32A2042CA3900FA0456 /* AppDelegate.swift */,
				1F61A32E2042CA3900FA0456 /* Main.storyboard */,
				1F61A3342042CA3900FA0456 /* Assets.xcassets */,
				1F61A3362042CA3900FA0456 /* LaunchScreen.storyboard */,
				1F61A3392042CA3900FA0456 /* Info.plist */,
				1F61A3312042CA3900FA0456 /* CFTPhotoshop.xcdatamodeld */,
			);
			path = CFTPhotoshop;
			sourceTree = "<group>";
		};
		1F61A33F2042CAED00FA0456 /* Views */ = {
			isa = PBXGroup;
			children = (
				1F0730572043302F00D899C3 /* HistoryView */,
				1F61A3402042CB1700FA0456 /* XibDesignedView.swift */,
				1F61A3462042D13E00FA0456 /* PictureEditorView */,
			);
			path = Views;
			sourceTree = "<group>";
		};
		1F61A3462042D13E00FA0456 /* PictureEditorView */ = {
			isa = PBXGroup;
			children = (
				1F61A3422042CCA200FA0456 /* PictureEditorView.xib */,
				1F61A3442042D07A00FA0456 /* PictureEditorView.swift */,
				1F61A3472042D19200FA0456 /* PictureEditorPresenter.swift */,
			);
			path = PictureEditorView;
			sourceTree = "<group>";
		};
		1F61A3492042D53500FA0456 /* Controllers */ = {
			isa = PBXGroup;
			children = (
				1F61A34A2042D55000FA0456 /* PictureEditorViewController.swift */,
				1F61A34B2042D55000FA0456 /* PictureEditorViewController.xib */,
			);
			path = Controllers;
			sourceTree = "<group>";
		};
		1FB542522042ED2A00020530 /* Service */ = {
			isa = PBXGroup;
			children = (
				1FB542532042ED4000020530 /* PictureEditor.swift */,
				1FCC85992045988600EF13F9 /* HistoryKeeper.swift */,
			);
			path = Service;
			sourceTree = "<group>";
		};
		1FB542552042FA9000020530 /* Shared */ = {
			isa = PBXGroup;
			children = (
				1FB542562042FAA000020530 /* Promise.swift */,
				1FB5425920430A4F00020530 /* Filters.swift */,
				1FCC859B20459B2E00EF13F9 /* CoreDataManager.swift */,
			);
			path = Shared;
			sourceTree = "<group>";
		};
/* End PBXGroup section */

/* Begin PBXNativeTarget section */
		1F61A3262042CA3900FA0456 /* CFTPhotoshop */ = {
			isa = PBXNativeTarget;
			buildConfigurationList = 1F61A33C2042CA3900FA0456 /* Build configuration list for PBXNativeTarget "CFTPhotoshop" */;
			buildPhases = (
				1F61A3232042CA3900FA0456 /* Sources */,
				1F61A3242042CA3900FA0456 /* Frameworks */,
				1F61A3252042CA3900FA0456 /* Resources */,
			);
			buildRules = (
			);
			dependencies = (
			);
			name = CFTPhotoshop;
			productName = CFTPhotoshop;
			productReference = 1F61A3272042CA3900FA0456 /* CFTPhotoshop.app */;
			productType = "com.apple.product-type.application";
		};
/* End PBXNativeTarget section */

/* Begin PBXProject section */
		1F61A31F2042CA3900FA0456 /* Project object */ = {
			isa = PBXProject;
			attributes = {
				LastSwiftUpdateCheck = 0920;
				LastUpgradeCheck = 0920;
				ORGANIZATIONNAME = Khlebnikov;
				TargetAttributes = {
					1F61A3262042CA3900FA0456 = {
						CreatedOnToolsVersion = 9.2;
						ProvisioningStyle = Automatic;
					};
				};
			};
			buildConfigurationList = 1F61A3222042CA3900FA0456 /* Build configuration list for PBXProject "CFTPhotoshop" */;
			compatibilityVersion = "Xcode 8.0";
			developmentRegion = en;
			hasScannedForEncodings = 0;
			knownRegions = (
				en,
				Base,
			);
			mainGroup = 1F61A31E2042CA3900FA0456;
			productRefGroup = 1F61A3282042CA3900FA0456 /* Products */;
			projectDirPath = "";
			projectRoot = "";
			targets = (
				1F61A3262042CA3900FA0456 /* CFTPhotoshop */,
			);
		};
/* End PBXProject section */

/* Begin PBXResourcesBuildPhase section */
		1F61A3252042CA3900FA0456 /* Resources */ = {
			isa = PBXResourcesBuildPhase;
			buildActionMask = 2147483647;
			files = (
				1F07305F2043317A00D899C3 /* HistoryTableViewCell.xib in Resources */,
				1F61A3432042CCA200FA0456 /* PictureEditorView.xib in Resources */,
				1F61A34D2042D55000FA0456 /* PictureEditorViewController.xib in Resources */,
				1F61A3382042CA3900FA0456 /* LaunchScreen.storyboard in Resources */,
				1F0730592043305500D899C3 /* HistoryView.xib in Resources */,
				1F61A3352042CA3900FA0456 /* Assets.xcassets in Resources */,
				1F61A3302042CA3900FA0456 /* Main.storyboard in Resources */,
			);
			runOnlyForDeploymentPostprocessing = 0;
		};
/* End PBXResourcesBuildPhase section */

/* Begin PBXSourcesBuildPhase section */
		1F61A3232042CA3900FA0456 /* Sources */ = {
			isa = PBXSourcesBuildPhase;
			buildActionMask = 2147483647;
			files = (
				1F61A34C2042D55000FA0456 /* PictureEditorViewController.swift in Sources */,
				1F61A3452042D07A00FA0456 /* PictureEditorView.swift in Sources */,
				1F61A3412042CB1700FA0456 /* XibDesignedView.swift in Sources */,
				1F61A3332042CA3900FA0456 /* CFTPhotoshop.xcdatamodeld in Sources */,
				1FCC859A2045988600EF13F9 /* HistoryKeeper.swift in Sources */,
				1FB542542042ED4000020530 /* PictureEditor.swift in Sources */,
				1F61A3482042D19200FA0456 /* PictureEditorPresenter.swift in Sources */,
				1FCC859C20459B2E00EF13F9 /* CoreDataManager.swift in Sources */,
				1FB5425A20430A4F00020530 /* Filters.swift in Sources */,
				1F07305B2043306800D899C3 /* HistoryView.swift in Sources */,
				1F61A32B2042CA3900FA0456 /* AppDelegate.swift in Sources */,
				1F07305E2043317A00D899C3 /* HistoryTableViewCell.swift in Sources */,
				1FB542572042FAA000020530 /* Promise.swift in Sources */,
			);
			runOnlyForDeploymentPostprocessing = 0;
		};
/* End PBXSourcesBuildPhase section */

/* Begin PBXVariantGroup section */
		1F61A32E2042CA3900FA0456 /* Main.storyboard */ = {
			isa = PBXVariantGroup;
			children = (
				1F61A32F2042CA3900FA0456 /* Base */,
			);
			name = Main.storyboard;
			sourceTree = "<group>";
		};
		1F61A3362042CA3900FA0456 /* LaunchScreen.storyboard */ = {
			isa = PBXVariantGroup;
			children = (
				1F61A3372042CA3900FA0456 /* Base */,
			);
			name = LaunchScreen.storyboard;
			sourceTree = "<group>";
		};
/* End PBXVariantGroup section */

/* Begin XCBuildConfiguration section */
		1F61A33A2042CA3900FA0456 /* Debug */ = {
			isa = XCBuildConfiguration;
			buildSettings = {
				ALWAYS_SEARCH_USER_PATHS = NO;
				CLANG_ANALYZER_NONNULL = YES;
				CLANG_ANALYZER_NUMBER_OBJECT_CONVERSION = YES_AGGRESSIVE;
				CLANG_CXX_LANGUAGE_STANDARD = "gnu++14";
				CLANG_CXX_LIBRARY = "libc++";
				CLANG_ENABLE_MODULES = YES;
				CLANG_ENABLE_OBJC_ARC = YES;
				CLANG_WARN_BLOCK_CAPTURE_AUTORELEASING = YES;
				CLANG_WARN_BOOL_CONVERSION = YES;
				CLANG_WARN_COMMA = YES;
				CLANG_WARN_CONSTANT_CONVERSION = YES;
				CLANG_WARN_DIRECT_OBJC_ISA_USAGE = YES_ERROR;
				CLANG_WARN_DOCUMENTATION_COMMENTS = YES;
				CLANG_WARN_EMPTY_BODY = YES;
				CLANG_WARN_ENUM_CONVERSION = YES;
				CLANG_WARN_INFINITE_RECURSION = YES;
				CLANG_WARN_INT_CONVERSION = YES;
				CLANG_WARN_NON_LITERAL_NULL_CONVERSION = YES;
				CLANG_WARN_OBJC_LITERAL_CONVERSION = YES;
				CLANG_WARN_OBJC_ROOT_CLASS = YES_ERROR;
				CLANG_WARN_RANGE_LOOP_ANALYSIS = YES;
				CLANG_WARN_STRICT_PROTOTYPES = YES;
				CLANG_WARN_SUSPICIOUS_MOVE = YES;
				CLANG_WARN_UNGUARDED_AVAILABILITY = YES_AGGRESSIVE;
				CLANG_WARN_UNREACHABLE_CODE = YES;
				CLANG_WARN__DUPLICATE_METHOD_MATCH = YES;
				CODE_SIGN_IDENTITY = "iPhone Developer";
				COPY_PHASE_STRIP = NO;
				DEBUG_INFORMATION_FORMAT = dwarf;
				ENABLE_STRICT_OBJC_MSGSEND = YES;
				ENABLE_TESTABILITY = YES;
				GCC_C_LANGUAGE_STANDARD = gnu11;
				GCC_DYNAMIC_NO_PIC = NO;
				GCC_NO_COMMON_BLOCKS = YES;
				GCC_OPTIMIZATION_LEVEL = 0;
				GCC_PREPROCESSOR_DEFINITIONS = (
					"DEBUG=1",
					"$(inherited)",
				);
				GCC_WARN_64_TO_32_BIT_CONVERSION = YES;
				GCC_WARN_ABOUT_RETURN_TYPE = YES_ERROR;
				GCC_WARN_UNDECLARED_SELECTOR = YES;
				GCC_WARN_UNINITIALIZED_AUTOS = YES_AGGRESSIVE;
				GCC_WARN_UNUSED_FUNCTION = YES;
				GCC_WARN_UNUSED_VARIABLE = YES;
				IPHONEOS_DEPLOYMENT_TARGET = 11.2;
				MTL_ENABLE_DEBUG_INFO = YES;
				ONLY_ACTIVE_ARCH = YES;
				SDKROOT = iphoneos;
				SWIFT_ACTIVE_COMPILATION_CONDITIONS = DEBUG;
				SWIFT_OPTIMIZATION_LEVEL = "-Onone";
			};
			name = Debug;
		};
		1F61A33B2042CA3900FA0456 /* Release */ = {
			isa = XCBuildConfiguration;
			buildSettings = {
				ALWAYS_SEARCH_USER_PATHS = NO;
				CLANG_ANALYZER_NONNULL = YES;
				CLANG_ANALYZER_NUMBER_OBJECT_CONVERSION = YES_AGGRESSIVE;
				CLANG_CXX_LANGUAGE_STANDARD = "gnu++14";
				CLANG_CXX_LIBRARY = "libc++";
				CLANG_ENABLE_MODULES = YES;
				CLANG_ENABLE_OBJC_ARC = YES;
				CLANG_WARN_BLOCK_CAPTURE_AUTORELEASING = YES;
				CLANG_WARN_BOOL_CONVERSION = YES;
				CLANG_WARN_COMMA = YES;
				CLANG_WARN_CONSTANT_CONVERSION = YES;
				CLANG_WARN_DIRECT_OBJC_ISA_USAGE = YES_ERROR;
				CLANG_WARN_DOCUMENTATION_COMMENTS = YES;
				CLANG_WARN_EMPTY_BODY = YES;
				CLANG_WARN_ENUM_CONVERSION = YES;
				CLANG_WARN_INFINITE_RECURSION = YES;
				CLANG_WARN_INT_CONVERSION = YES;
				CLANG_WARN_NON_LITERAL_NULL_CONVERSION = YES;
				CLANG_WARN_OBJC_LITERAL_CONVERSION = YES;
				CLANG_WARN_OBJC_ROOT_CLASS = YES_ERROR;
				CLANG_WARN_RANGE_LOOP_ANALYSIS = YES;
				CLANG_WARN_STRICT_PROTOTYPES = YES;
				CLANG_WARN_SUSPICIOUS_MOVE = YES;
				CLANG_WARN_UNGUARDED_AVAILABILITY = YES_AGGRESSIVE;
				CLANG_WARN_UNREACHABLE_CODE = YES;
				CLANG_WARN__DUPLICATE_METHOD_MATCH = YES;
				CODE_SIGN_IDENTITY = "iPhone Developer";
				COPY_PHASE_STRIP = NO;
				DEBUG_INFORMATION_FORMAT = "dwarf-with-dsym";
				ENABLE_NS_ASSERTIONS = NO;
				ENABLE_STRICT_OBJC_MSGSEND = YES;
				GCC_C_LANGUAGE_STANDARD = gnu11;
				GCC_NO_COMMON_BLOCKS = YES;
				GCC_WARN_64_TO_32_BIT_CONVERSION = YES;
				GCC_WARN_ABOUT_RETURN_TYPE = YES_ERROR;
				GCC_WARN_UNDECLARED_SELECTOR = YES;
				GCC_WARN_UNINITIALIZED_AUTOS = YES_AGGRESSIVE;
				GCC_WARN_UNUSED_FUNCTION = YES;
				GCC_WARN_UNUSED_VARIABLE = YES;
				IPHONEOS_DEPLOYMENT_TARGET = 11.2;
				MTL_ENABLE_DEBUG_INFO = NO;
				SDKROOT = iphoneos;
				SWIFT_OPTIMIZATION_LEVEL = "-Owholemodule";
				VALIDATE_PRODUCT = YES;
			};
			name = Release;
		};
		1F61A33D2042CA3900FA0456 /* Debug */ = {
			isa = XCBuildConfiguration;
			buildSettings = {
				ASSETCATALOG_COMPILER_APPICON_NAME = AppIcon;
				CODE_SIGN_STYLE = Automatic;
				INFOPLIST_FILE = CFTPhotoshop/Info.plist;
				LD_RUNPATH_SEARCH_PATHS = "$(inherited) @executable_path/Frameworks";
				PRODUCT_BUNDLE_IDENTIFIER = Khlebnikov.CFTPhotoshop;
				PRODUCT_NAME = "$(TARGET_NAME)";
				SWIFT_VERSION = 4.0;
				TARGETED_DEVICE_FAMILY = "1,2";
			};
			name = Debug;
		};
		1F61A33E2042CA3900FA0456 /* Release */ = {
			isa = XCBuildConfiguration;
			buildSettings = {
				ASSETCATALOG_COMPILER_APPICON_NAME = AppIcon;
				CODE_SIGN_STYLE = Automatic;
				INFOPLIST_FILE = CFTPhotoshop/Info.plist;
				LD_RUNPATH_SEARCH_PATHS = "$(inherited) @executable_path/Frameworks";
				PRODUCT_BUNDLE_IDENTIFIER = Khlebnikov.CFTPhotoshop;
				PRODUCT_NAME = "$(TARGET_NAME)";
				SWIFT_VERSION = 4.0;
				TARGETED_DEVICE_FAMILY = "1,2";
			};
			name = Release;
		};
/* End XCBuildConfiguration section */

/* Begin XCConfigurationList section */
		1F61A3222042CA3900FA0456 /* Build configuration list for PBXProject "CFTPhotoshop" */ = {
			isa = XCConfigurationList;
			buildConfigurations = (
				1F61A33A2042CA3900FA0456 /* Debug */,
				1F61A33B2042CA3900FA0456 /* Release */,
			);
			defaultConfigurationIsVisible = 0;
			defaultConfigurationName = Release;
		};
		1F61A33C2042CA3900FA0456 /* Build configuration list for PBXNativeTarget "CFTPhotoshop" */ = {
			isa = XCConfigurationList;
			buildConfigurations = (
				1F61A33D2042CA3900FA0456 /* Debug */,
				1F61A33E2042CA3900FA0456 /* Release */,
			);
			defaultConfigurationIsVisible = 0;
			defaultConfigurationName = Release;
		};
/* End XCConfigurationList section */

/* Begin XCVersionGroup section */
		1F61A3312042CA3900FA0456 /* CFTPhotoshop.xcdatamodeld */ = {
			isa = XCVersionGroup;
			children = (
				1F61A3322042CA3900FA0456 /* CFTPhotoshop.xcdatamodel */,
			);
			currentVersion = 1F61A3322042CA3900FA0456 /* CFTPhotoshop.xcdatamodel */;
			path = CFTPhotoshop.xcdatamodeld;
			sourceTree = "<group>";
			versionGroupType = wrapper.xcdatamodel;
		};
/* End XCVersionGroup section */
	};
	rootObject = 1F61A31F2042CA3900FA0456 /* Project object */;
}
